
Microsoft Visual Studio Solution File, Format Version 12.00
# Visual Studio 15
VisualStudioVersion = 15.0.28010.2048
MinimumVisualStudioVersion = 10.0.40219.1
Project("{8BC9CEB8-8B4A-11D0-8D11-00A0C91BC942}") = "Fontion pratique", "Fontion pratique\Fontion pratique.vcxproj", "{07EA8A87-D9D8-48D0-8B9A-8E613B84CE0E}"
EndProject
Global
	GlobalSection(SolutionConfigurationPlatforms) = preSolution
		Debug|x64 = Debug|x64
		Debug|x86 = Debug|x86
		Release|x64 = Release|x64
		Release|x86 = Release|x86
	EndGlobalSection
	GlobalSection(ProjectConfigurationPlatforms) = postSolution
		{07EA8A87-D9D8-48D0-8B9A-8E613B84CE0E}.Debug|x64.ActiveCfg = Debug|x64
		{07EA8A87-D9D8-48D0-8B9A-8E613B84CE0E}.Debug|x64.Build.0 = Debug|x64
		{07EA8A87-D9D8-48D0-8B9A-8E613B84CE0E}.Debug|x86.ActiveCfg = Debug|Win32
		{07EA8A87-D9D8-48D0-8B9A-8E613B84CE0E}.Debug|x86.Build.0 = Debug|Win32
		{07EA8A87-D9D8-48D0-8B9A-8E613B84CE0E}.Release|x64.ActiveCfg = Release|x64
		{07EA8A87-D9D8-48D0-8B9A-8E613B84CE0E}.Release|x64.Build.0 = Release|x64
		{07EA8A87-D9D8-48D0-8B9A-8E613B84CE0E}.Release|x86.ActiveCfg = Release|Win32
		{07EA8A87-D9D8-48D0-8B9A-8E613B84CE0E}.Release|x86.Build.0 = Release|Win32
	EndGlobalSection
	GlobalSection(SolutionProperties) = preSolution
		HideSolutionNode = FALSE
	EndGlobalSection
	GlobalSection(ExtensibilityGlobals) = postSolution
		SolutionGuid = {D4358BD5-7A3E-4092-8DD4-E4F3AAC0430C}
	EndGlobalSection
EndGlobal
