
Microsoft Visual Studio Solution File, Format Version 12.00
# Visual Studio 15
VisualStudioVersion = 15.0.28010.2048
MinimumVisualStudioVersion = 10.0.40219.1
Project("{8BC9CEB8-8B4A-11D0-8D11-00A0C91BC942}") = "calculater profit", "calculater profit\calculater profit.vcxproj", "{AFDA7F33-BA85-4DDE-AB42-5E4C5FB048E7}"
EndProject
Global
	GlobalSection(SolutionConfigurationPlatforms) = preSolution
		Debug|x64 = Debug|x64
		Debug|x86 = Debug|x86
		Release|x64 = Release|x64
		Release|x86 = Release|x86
	EndGlobalSection
	GlobalSection(ProjectConfigurationPlatforms) = postSolution
		{AFDA7F33-BA85-4DDE-AB42-5E4C5FB048E7}.Debug|x64.ActiveCfg = Debug|x64
		{AFDA7F33-BA85-4DDE-AB42-5E4C5FB048E7}.Debug|x64.Build.0 = Debug|x64
		{AFDA7F33-BA85-4DDE-AB42-5E4C5FB048E7}.Debug|x86.ActiveCfg = Debug|Win32
		{AFDA7F33-BA85-4DDE-AB42-5E4C5FB048E7}.Debug|x86.Build.0 = Debug|Win32
		{AFDA7F33-BA85-4DDE-AB42-5E4C5FB048E7}.Release|x64.ActiveCfg = Release|x64
		{AFDA7F33-BA85-4DDE-AB42-5E4C5FB048E7}.Release|x64.Build.0 = Release|x64
		{AFDA7F33-BA85-4DDE-AB42-5E4C5FB048E7}.Release|x86.ActiveCfg = Release|Win32
		{AFDA7F33-BA85-4DDE-AB42-5E4C5FB048E7}.Release|x86.Build.0 = Release|Win32
	EndGlobalSection
	GlobalSection(SolutionProperties) = preSolution
		HideSolutionNode = FALSE
	EndGlobalSection
	GlobalSection(ExtensibilityGlobals) = postSolution
		SolutionGuid = {E994C5B8-B0DB-4A18-96D8-9C4B39FD67E6}
	EndGlobalSection
EndGlobal
